# THIS IS AN AUTOGENERATED FILE. DO NOT EDIT THIS FILE DIRECTLY.
# yarn lockfile v1


printf@^0.5.1:
  version "0.5.3"
  resolved "https://registry.yarnpkg.com/printf/-/printf-0.5.3.tgz#8b7eec278d886833312238b2bf42b2b6f250880a"
  integrity sha512-t3lYN6vPU5PZXDiEZZqoyXvN8wCsBfi8gPoxTKo2e5hhV673t/KUh+mfO8P8lCOCDC/BWcOGIxKyebxc5FuqLA==
